
Microsoft Visual Studio Solution File, Format Version 12.00
# Visual Studio Version 16
VisualStudioVersion = 16.0.28922.388
MinimumVisualStudioVersion = 10.0.40219.1
Project("{FAE04EC0-301F-11D3-BF4B-00C04F79EFBC}") = "ToscaCIConfig", "ToscaCIConfig\ToscaCIConfig.csproj", "{0F0A151F-A81A-437B-AF1E-EA0B3AF2E120}"
EndProject
Global
	GlobalSection(SolutionConfigurationPlatforms) = preSolution
		Debug|Any CPU = Debug|Any CPU
		Release|Any CPU = Release|Any CPU
	EndGlobalSection
	GlobalSection(ProjectConfigurationPlatforms) = postSolution
		{0F0A151F-A81A-437B-AF1E-EA0B3AF2E120}.Debug|Any CPU.ActiveCfg = Debug|Any CPU
		{0F0A151F-A81A-437B-AF1E-EA0B3AF2E120}.Debug|Any CPU.Build.0 = Debug|Any CPU
		{0F0A151F-A81A-437B-AF1E-EA0B3AF2E120}.Release|Any CPU.ActiveCfg = Release|Any CPU
		{0F0A151F-A81A-437B-AF1E-EA0B3AF2E120}.Release|Any CPU.Build.0 = Release|Any CPU
	EndGlobalSection
	GlobalSection(SolutionProperties) = preSolution
		HideSolutionNode = FALSE
	EndGlobalSection
	GlobalSection(ExtensibilityGlobals) = postSolution
		SolutionGuid = {35DA3194-A3F2-4210-B041-5E9B169D624D}
	EndGlobalSection
EndGlobal
